
Microsoft Visual Studio Solution File, Format Version 12.00
# Visual Studio 2012
Project("{FAE04EC0-301F-11D3-BF4B-00C04F79EFBC}") = "Skahal.Infrastructure.Framework", "Skahal.Infrastructure.Framework\Skahal.Infrastructure.Framework.csproj", "{E9AFC17C-D3D2-4D37-9FBC-64518DCFCF28}"
EndProject
Project("{FAE04EC0-301F-11D3-BF4B-00C04F79EFBC}") = "Skahal.Infrastructure.Framework.UnitTests", "Skahal.Infrastructure.Framework.UnitTests\Skahal.Infrastructure.Framework.UnitTests.csproj", "{45F81846-29F4-4B6D-B5A4-E90DBA7B9736}"
EndProject
Project("{2150E333-8FDC-42A3-9474-1A3956D46DE8}") = ".nuget", ".nuget", "{AE2339C4-3FCD-43B5-A0F9-69C122756928}"
	ProjectSection(SolutionItems) = preProject
		.nuget\NuGet.Config = .nuget\NuGet.Config
		.nuget\NuGet.exe = .nuget\NuGet.exe
		.nuget\NuGet.targets = .nuget\NuGet.targets
	EndProjectSection
EndProject
Project("{FAE04EC0-301F-11D3-BF4B-00C04F79EFBC}") = "Skahal.Infrastructure.Framework.PCL", "Skahal.Infrastructure.Framework.Pcl\Skahal.Infrastructure.Framework.PCL.csproj", "{78B89EB0-3FA9-49FF-882C-9560B02418CE}"
EndProject
Project("{FAE04EC0-301F-11D3-BF4B-00C04F79EFBC}") = "Skahal.Infrastructure.Framework.PCL.UnitTests", "Skahal.Infrastructure.Framework.PCL.UnitTests\Skahal.Infrastructure.Framework.PCL.UnitTests.csproj", "{2B1683E4-EC57-45DB-B079-6F326B3CBCA8}"
EndProject
Global
	GlobalSection(SolutionConfigurationPlatforms) = preSolution
		iOS|Any CPU = iOS|Any CPU
		OSX|Any CPU = OSX|Any CPU
		Debug|Any CPU = Debug|Any CPU
		Release|Any CPU = Release|Any CPU
	EndGlobalSection
	GlobalSection(ProjectConfigurationPlatforms) = postSolution
		{2B1683E4-EC57-45DB-B079-6F326B3CBCA8}.Debug|Any CPU.ActiveCfg = Debug|Any CPU
		{2B1683E4-EC57-45DB-B079-6F326B3CBCA8}.Debug|Any CPU.Build.0 = Debug|Any CPU
		{2B1683E4-EC57-45DB-B079-6F326B3CBCA8}.iOS|Any CPU.ActiveCfg = Debug|Any CPU
		{2B1683E4-EC57-45DB-B079-6F326B3CBCA8}.iOS|Any CPU.Build.0 = Debug|Any CPU
		{2B1683E4-EC57-45DB-B079-6F326B3CBCA8}.OSX|Any CPU.ActiveCfg = Debug|Any CPU
		{2B1683E4-EC57-45DB-B079-6F326B3CBCA8}.OSX|Any CPU.Build.0 = Debug|Any CPU
		{2B1683E4-EC57-45DB-B079-6F326B3CBCA8}.Release|Any CPU.ActiveCfg = Release|Any CPU
		{2B1683E4-EC57-45DB-B079-6F326B3CBCA8}.Release|Any CPU.Build.0 = Release|Any CPU
		{45F81846-29F4-4B6D-B5A4-E90DBA7B9736}.Debug|Any CPU.ActiveCfg = OSX|Any CPU
		{45F81846-29F4-4B6D-B5A4-E90DBA7B9736}.Debug|Any CPU.Build.0 = OSX|Any CPU
		{45F81846-29F4-4B6D-B5A4-E90DBA7B9736}.iOS|Any CPU.ActiveCfg = iOS|Any CPU
		{45F81846-29F4-4B6D-B5A4-E90DBA7B9736}.iOS|Any CPU.Build.0 = iOS|Any CPU
		{45F81846-29F4-4B6D-B5A4-E90DBA7B9736}.OSX|Any CPU.ActiveCfg = OSX|Any CPU
		{45F81846-29F4-4B6D-B5A4-E90DBA7B9736}.OSX|Any CPU.Build.0 = OSX|Any CPU
		{45F81846-29F4-4B6D-B5A4-E90DBA7B9736}.Release|Any CPU.ActiveCfg = OSX|Any CPU
		{45F81846-29F4-4B6D-B5A4-E90DBA7B9736}.Release|Any CPU.Build.0 = OSX|Any CPU
		{78B89EB0-3FA9-49FF-882C-9560B02418CE}.Debug|Any CPU.ActiveCfg = Debug|Any CPU
		{78B89EB0-3FA9-49FF-882C-9560B02418CE}.Debug|Any CPU.Build.0 = Debug|Any CPU
		{78B89EB0-3FA9-49FF-882C-9560B02418CE}.iOS|Any CPU.ActiveCfg = Debug|Any CPU
		{78B89EB0-3FA9-49FF-882C-9560B02418CE}.iOS|Any CPU.Build.0 = Debug|Any CPU
		{78B89EB0-3FA9-49FF-882C-9560B02418CE}.OSX|Any CPU.ActiveCfg = Debug|Any CPU
		{78B89EB0-3FA9-49FF-882C-9560B02418CE}.OSX|Any CPU.Build.0 = Debug|Any CPU
		{78B89EB0-3FA9-49FF-882C-9560B02418CE}.Release|Any CPU.ActiveCfg = Release|Any CPU
		{78B89EB0-3FA9-49FF-882C-9560B02418CE}.Release|Any CPU.Build.0 = Release|Any CPU
		{E9AFC17C-D3D2-4D37-9FBC-64518DCFCF28}.Debug|Any CPU.ActiveCfg = OSX|Any CPU
		{E9AFC17C-D3D2-4D37-9FBC-64518DCFCF28}.Debug|Any CPU.Build.0 = OSX|Any CPU
		{E9AFC17C-D3D2-4D37-9FBC-64518DCFCF28}.iOS|Any CPU.ActiveCfg = iOS|Any CPU
		{E9AFC17C-D3D2-4D37-9FBC-64518DCFCF28}.iOS|Any CPU.Build.0 = iOS|Any CPU
		{E9AFC17C-D3D2-4D37-9FBC-64518DCFCF28}.OSX|Any CPU.ActiveCfg = OSX|Any CPU
		{E9AFC17C-D3D2-4D37-9FBC-64518DCFCF28}.OSX|Any CPU.Build.0 = OSX|Any CPU
		{E9AFC17C-D3D2-4D37-9FBC-64518DCFCF28}.Release|Any CPU.ActiveCfg = OSX|Any CPU
		{E9AFC17C-D3D2-4D37-9FBC-64518DCFCF28}.Release|Any CPU.Build.0 = OSX|Any CPU
	EndGlobalSection
	GlobalSection(NestedProjects) = preSolution
	EndGlobalSection
	GlobalSection(SolutionProperties) = preSolution
		HideSolutionNode = FALSE
	EndGlobalSection
EndGlobal
